
Microsoft Visual Studio Solution File, Format Version 12.00
# Visual Studio Version 16
VisualStudioVersion = 16.0.33920.266
MinimumVisualStudioVersion = 10.0.40219.1
Project("{FAE04EC0-301F-11D3-BF4B-00C04F79EFBC}") = "Kerosene industry", "Kerosene industry.csproj", "{F95BC342-813C-48AF-9D12-A57AB809CD84}"
EndProject
Global
	GlobalSection(SolutionConfigurationPlatforms) = preSolution
		Debug|Any CPU = Debug|Any CPU
		Release|Any CPU = Release|Any CPU
	EndGlobalSection
	GlobalSection(ProjectConfigurationPlatforms) = postSolution
		{F95BC342-813C-48AF-9D12-A57AB809CD84}.Debug|Any CPU.ActiveCfg = Debug|Any CPU
		{F95BC342-813C-48AF-9D12-A57AB809CD84}.Debug|Any CPU.Build.0 = Debug|Any CPU
		{F95BC342-813C-48AF-9D12-A57AB809CD84}.Release|Any CPU.ActiveCfg = Release|Any CPU
		{F95BC342-813C-48AF-9D12-A57AB809CD84}.Release|Any CPU.Build.0 = Release|Any CPU
	EndGlobalSection
	GlobalSection(SolutionProperties) = preSolution
		HideSolutionNode = FALSE
	EndGlobalSection
	GlobalSection(ExtensibilityGlobals) = postSolution
		SolutionGuid = {ACAAC73D-FD71-47ED-A988-E8D6BE306A88}
	EndGlobalSection
EndGlobal
